
Microsoft Visual Studio Solution File, Format Version 12.00
# Visual Studio Version 16
VisualStudioVersion = 16.0.29911.84
MinimumVisualStudioVersion = 10.0.40219.1
Project("{FAE04EC0-301F-11D3-BF4B-00C04F79EFBC}") = "Eaten", "Eaten\Eaten.csproj", "{A865AA28-D319-4CA8-A351-65798166CA64}"
EndProject
Global
	GlobalSection(SolutionConfigurationPlatforms) = preSolution
		Debug|Any CPU = Debug|Any CPU
		Release|Any CPU = Release|Any CPU
	EndGlobalSection
	GlobalSection(ProjectConfigurationPlatforms) = postSolution
		{A865AA28-D319-4CA8-A351-65798166CA64}.Debug|Any CPU.ActiveCfg = Debug|Any CPU
		{A865AA28-D319-4CA8-A351-65798166CA64}.Debug|Any CPU.Build.0 = Debug|Any CPU
		{A865AA28-D319-4CA8-A351-65798166CA64}.Release|Any CPU.ActiveCfg = Release|Any CPU
		{A865AA28-D319-4CA8-A351-65798166CA64}.Release|Any CPU.Build.0 = Release|Any CPU
	EndGlobalSection
	GlobalSection(SolutionProperties) = preSolution
		HideSolutionNode = FALSE
	EndGlobalSection
	GlobalSection(ExtensibilityGlobals) = postSolution
		SolutionGuid = {E356C47D-8625-4121-9E5C-F440BFE92D2E}
	EndGlobalSection
EndGlobal
